lockfileVersion: 5.4

specifiers:
  objects-to-csv: ^1.3.6

devDependencies:
  objects-to-csv: 1.3.6

packages:

  /async-csv/2.1.3:
    resolution: {integrity: sha512-mpsCN+D7mzZeqrlDw7UTPhvDQDlx1i819E9fbKIt8drkgED5FSOlBv3Rk/+sXdevnO2wwlRkVOQ4kdT0AyqPqQ==}
    dependencies:
      csv: 5.5.3
    dev: true

  /csv-generate/3.4.3:
    resolution: {integrity: sha512-w/T+rqR0vwvHqWs/1ZyMDWtHHSJaN06klRqJXBEpDJaM/+dZkso0OKh1VcuuYvK3XM53KysVNq8Ko/epCK8wOw==}
    dev: true

  /csv-parse/4.16.3:
    resolution: {integrity: sha512-cO1I/zmz4w2dcKHVvpCr7JVRu8/FymG5OEpmvsZYlccYolPBLoVGKUHgNoc4ZGkFeFlWGEDmMyBM+TTqRdW/wg==}
    dev: true

  /csv-stringify/5.6.5:
    resolution: {integrity: sha512-PjiQ659aQ+fUTQqSrd1XEDnOr52jh30RBurfzkscaE2tPaFsDH5wOAHJiw8XAHphRknCwMUE9KRayc4K/NbO8A==}
    dev: true

  /csv/5.5.3:
    resolution: {integrity: sha512-QTaY0XjjhTQOdguARF0lGKm5/mEq9PD9/VhZZegHDIBq2tQwgNpHc3dneD4mGo2iJs+fTKv5Bp0fZ+BRuY3Z0g==}
    engines: {node: '>= 0.1.90'}
    dependencies:
      csv-generate: 3.4.3
      csv-parse: 4.16.3
      csv-stringify: 5.6.5
      stream-transform: 2.1.3
    dev: true

  /mixme/0.5.4:
    resolution: {integrity: sha512-3KYa4m4Vlqx98GPdOHghxSdNtTvcP8E0kkaJ5Dlh+h2DRzF7zpuVVcA8B0QpKd11YJeP9QQ7ASkKzOeu195Wzw==}
    engines: {node: '>= 8.0.0'}
    dev: true

  /objects-to-csv/1.3.6:
    resolution: {integrity: sha512-383eSpS3hmgCksW85KIqBtcbgSW5DDVsCmzLoM6C3q4yzOX2rmtWxF4pbLJ76fz+ufA+4/SwAT4QdaY6IUWmAg==}
    dependencies:
      async-csv: 2.1.3
    dev: true

  /stream-transform/2.1.3:
    resolution: {integrity: sha512-9GHUiM5hMiCi6Y03jD2ARC1ettBXkQBoQAe7nJsPknnI0ow10aXjTnew8QtYQmLjzn974BnmWEAJgCY6ZP1DeQ==}
    dependencies:
      mixme: 0.5.4
    dev: true
